<?xml version="1.0" encoding="utf-8"?>
<Project ToolsVersion="4.0" xmlns="http://schemas.microsoft.com/developer/msbuild/2003">
  <ItemGroup>
    <ClCompile Include="main.cpp" />
  </ItemGroup>
  <ItemGroup>
    <ClInclude Include="util\camera.hpp" />
    <ClInclude Include="util\mainUtil.hpp" />
    <ClInclude Include="terrain\terrain.hpp" />
    <ClInclude Include="skybox\skybox.hpp">
      <Filter>skybox</Filter>
    </ClInclude>
    <ClInclude Include="models\model.hpp" />
    <ClInclude Include="dependencies\sdl\include\begin_code.h" />
    <ClInclude Include="dependencies\sdl\include\close_code.h" />
    <ClInclude Include="dependencies\sdl\include\SDL.h" />
    <ClInclude Include="dependencies\sdl\include\SDL_assert.h" />
    <ClInclude Include="dependencies\sdl\include\SDL_atomic.h" />
    <ClInclude Include="dependencies\sdl\include\SDL_audio.h" />
    <ClInclude Include="dependencies\sdl\include\SDL_bits.h" />
    <ClInclude Include="dependencies\sdl\include\SDL_blendmode.h" />
    <ClInclude Include="dependencies\sdl\include\SDL_clipboard.h" />
    <ClInclude Include="dependencies\sdl\include\SDL_config.h" />
    <ClInclude Include="dependencies\sdl\include\SDL_config_android.h" />
    <ClInclude Include="dependencies\sdl\include\SDL_config_iphoneos.h" />
    <ClInclude Include="dependencies\sdl\include\SDL_config_macosx.h" />
    <ClInclude Include="dependencies\sdl\include\SDL_config_minimal.h" />
    <ClInclude Include="dependencies\sdl\include\SDL_config_pandora.h" />
    <ClInclude Include="dependencies\sdl\include\SDL_config_psp.h" />
    <ClInclude Include="dependencies\sdl\include\SDL_config_windows.h" />
    <ClInclude Include="dependencies\sdl\include\SDL_config_winrt.h" />
    <ClInclude Include="dependencies\sdl\include\SDL_config_wiz.h" />
    <ClInclude Include="dependencies\sdl\include\SDL_copying.h" />
    <ClInclude Include="dependencies\sdl\include\SDL_cpuinfo.h" />
    <ClInclude Include="dependencies\sdl\include\SDL_egl.h" />
    <ClInclude Include="dependencies\sdl\include\SDL_endian.h" />
    <ClInclude Include="dependencies\sdl\include\SDL_error.h" />
    <ClInclude Include="dependencies\sdl\include\SDL_events.h" />
    <ClInclude Include="dependencies\sdl\include\SDL_filesystem.h" />
    <ClInclude Include="dependencies\sdl\include\SDL_gamecontroller.h" />
    <ClInclude Include="dependencies\sdl\include\SDL_gesture.h" />
    <ClInclude Include="dependencies\sdl\include\SDL_haptic.h" />
    <ClInclude Include="dependencies\sdl\include\SDL_hints.h" />
    <ClInclude Include="dependencies\sdl\include\SDL_joystick.h" />
    <ClInclude Include="dependencies\sdl\include\SDL_keyboard.h" />
    <ClInclude Include="dependencies\sdl\include\SDL_keycode.h" />
    <ClInclude Include="dependencies\sdl\include\SDL_loadso.h" />
    <ClInclude Include="dependencies\sdl\include\SDL_log.h" />
    <ClInclude Include="dependencies\sdl\include\SDL_main.h" />
    <ClInclude Include="dependencies\sdl\include\SDL_messagebox.h" />
    <ClInclude Include="dependencies\sdl\include\SDL_mouse.h" />
    <ClInclude Include="dependencies\sdl\include\SDL_mutex.h" />
    <ClInclude Include="dependencies\sdl\include\SDL_name.h" />
    <ClInclude Include="dependencies\sdl\include\SDL_opengl.h" />
    <ClInclude Include="dependencies\sdl\include\SDL_opengl_glext.h" />
    <ClInclude Include="dependencies\sdl\include\SDL_opengles.h" />
    <ClInclude Include="dependencies\sdl\include\SDL_opengles2.h" />
    <ClInclude Include="dependencies\sdl\include\SDL_opengles2_gl2.h" />
    <ClInclude Include="dependencies\sdl\include\SDL_opengles2_gl2ext.h" />
    <ClInclude Include="dependencies\sdl\include\SDL_opengles2_gl2platform.h" />
    <ClInclude Include="dependencies\sdl\include\SDL_opengles2_khrplatform.h" />
    <ClInclude Include="dependencies\sdl\include\SDL_pixels.h" />
    <ClInclude Include="dependencies\sdl\include\SDL_platform.h" />
    <ClInclude Include="dependencies\sdl\include\SDL_power.h" />
    <ClInclude Include="dependencies\sdl\include\SDL_quit.h" />
    <ClInclude Include="dependencies\sdl\include\SDL_rect.h" />
    <ClInclude Include="dependencies\sdl\include\SDL_render.h" />
    <ClInclude Include="dependencies\sdl\include\SDL_revision.h" />
    <ClInclude Include="dependencies\sdl\include\SDL_rwops.h" />
    <ClInclude Include="dependencies\sdl\include\SDL_scancode.h" />
    <ClInclude Include="dependencies\sdl\include\SDL_sensor.h" />
    <ClInclude Include="dependencies\sdl\include\SDL_shape.h" />
    <ClInclude Include="dependencies\sdl\include\SDL_stdinc.h" />
    <ClInclude Include="dependencies\sdl\include\SDL_surface.h" />
    <ClInclude Include="dependencies\sdl\include\SDL_system.h" />
    <ClInclude Include="dependencies\sdl\include\SDL_syswm.h" />
    <ClInclude Include="dependencies\sdl\include\SDL_test.h" />
    <ClInclude Include="dependencies\sdl\include\SDL_test_assert.h" />
    <ClInclude Include="dependencies\sdl\include\SDL_test_common.h" />
    <ClInclude Include="dependencies\sdl\include\SDL_test_compare.h" />
    <ClInclude Include="dependencies\sdl\include\SDL_test_crc32.h" />
    <ClInclude Include="dependencies\sdl\include\SDL_test_font.h" />
    <ClInclude Include="dependencies\sdl\include\SDL_test_fuzzer.h" />
    <ClInclude Include="dependencies\sdl\include\SDL_test_harness.h" />
    <ClInclude Include="dependencies\sdl\include\SDL_test_images.h" />
    <ClInclude Include="dependencies\sdl\include\SDL_test_log.h" />
    <ClInclude Include="dependencies\sdl\include\SDL_test_md5.h" />
    <ClInclude Include="dependencies\sdl\include\SDL_test_memory.h" />
    <ClInclude Include="dependencies\sdl\include\SDL_test_random.h" />
    <ClInclude Include="dependencies\sdl\include\SDL_thread.h" />
    <ClInclude Include="dependencies\sdl\include\SDL_timer.h" />
    <ClInclude Include="dependencies\sdl\include\SDL_touch.h" />
    <ClInclude Include="dependencies\sdl\include\SDL_types.h" />
    <ClInclude Include="dependencies\sdl\include\SDL_version.h" />
    <ClInclude Include="dependencies\sdl\include\SDL_video.h" />
    <ClInclude Include="dependencies\sdl\include\SDL_vulkan.h" />
  </ItemGroup>
  <ItemGroup>
    <Image Include="kitten.png" />
    <Image Include="terrain\grass.jpg" />
    <Image Include="skybox\textures\back.tga">
      <Filter>skybox\textures</Filter>
    </Image>
    <Image Include="skybox\textures\bottom.tga">
      <Filter>skybox\textures</Filter>
    </Image>
    <Image Include="skybox\textures\front.tga">
      <Filter>skybox\textures</Filter>
    </Image>
    <Image Include="skybox\textures\left.tga">
      <Filter>skybox\textures</Filter>
    </Image>
    <Image Include="skybox\textures\right.tga">
      <Filter>skybox\textures</Filter>
    </Image>
    <Image Include="skybox\textures\top.tga">
      <Filter>skybox\textures</Filter>
    </Image>
    <Image Include="terrain\rock.jpg" />
    <Image Include="terrain\heightmap.bmp" />
    <Image Include="terrain\water.jpg" />
  </ItemGroup>
  <ItemGroup>
    <None Include="shaders\shader.frag" />
    <None Include="shaders\shader.vert" />
    <None Include="terrain\terrain.frag" />
    <None Include="terrain\terrain.vert" />
    <None Include="skybox\shaders\skybox.frag">
      <Filter>skybox</Filter>
    </None>
    <None Include="skybox\shaders\skybox.vert">
      <Filter>skybox</Filter>
    </None>
    <None Include="dependencies\sdl\lib\SDL2.dll" />
  </ItemGroup>
  <ItemGroup>
    <Filter Include="skybox">
      <UniqueIdentifier>{42b6bedf-b804-40cf-a4e4-0b5c0c769b6e}</UniqueIdentifier>
    </Filter>
    <Filter Include="skybox\textures">
      <UniqueIdentifier>{cd95c1f0-b6f0-44e7-ac1b-10f6726cd011}</UniqueIdentifier>
    </Filter>
  </ItemGroup>
  <ItemGroup>
    <Library Include="dependencies\sdl\lib\SDL2test.lib" />
    <Library Include="dependencies\sdl\lib\SDL2.lib" />
    <Library Include="dependencies\sdl\lib\SDL2main.lib" />
  </ItemGroup>
</Project>