<?xml version="1.0" encoding="utf-8"?>
<Project ToolsVersion="4.0" xmlns="http://schemas.microsoft.com/developer/msbuild/2003">
  <ItemGroup>
    <ClCompile Include="main.cpp" />
  </ItemGroup>
  <ItemGroup>
    <ClInclude Include="util\camera.hpp" />
    <ClInclude Include="util\mainUtil.hpp" />
    <ClInclude Include="terrain\terrain.hpp" />
    <ClInclude Include="models\model.hpp" />
  </ItemGroup>
  <ItemGroup>
    <Image Include="kitten.png" />
    <Image Include="terrain\grass.jpg" />
  </ItemGroup>
  <ItemGroup>
    <None Include="shaders\shader.frag" />
    <None Include="shaders\shader.vert" />
    <None Include="shaders\skybox.frag" />
    <None Include="shaders\skybox.vert" />
    <None Include="terrain\terrain.frag" />
    <None Include="terrain\terrain.vert" />
  </ItemGroup>
</Project>