<?xml version="1.0" encoding="utf-8"?>
<Project ToolsVersion="4.0" xmlns="http://schemas.microsoft.com/developer/msbuild/2003">
  <ItemGroup>
    <ClCompile Include="main.cpp" />
  </ItemGroup>
  <ItemGroup>
    <ClInclude Include="util\camera.hpp" />
    <ClInclude Include="util\mainUtil.hpp" />
    <ClInclude Include="terrain\terrain.hpp" />
    <ClInclude Include="skybox\skybox.hpp">
      <Filter>skybox</Filter>
    </ClInclude>
    <ClInclude Include="models\model.hpp" />
    <ClInclude Include="water\WaterFrameBuffers.hpp" />
    <ClInclude Include="util\audio.hpp" />
    <ClInclude Include="audio\audio.hpp" />
    <ClInclude Include="particles\Particle.hpp" />
    <ClInclude Include="particles\CubeEmitter.hpp" />
    <ClInclude Include="particles\ParticleEmitter.hpp" />
    <ClInclude Include="particles\SphereEmitter.hpp" />
    <ClInclude Include="particles\Random.hpp" />
  </ItemGroup>
  <ItemGroup>
    <Image Include="skybox\textures\back.tga">
      <Filter>skybox\textures</Filter>
    </Image>
    <Image Include="skybox\textures\bottom.tga">
      <Filter>skybox\textures</Filter>
    </Image>
    <Image Include="skybox\textures\front.tga">
      <Filter>skybox\textures</Filter>
    </Image>
    <Image Include="skybox\textures\left.tga">
      <Filter>skybox\textures</Filter>
    </Image>
    <Image Include="skybox\textures\right.tga">
      <Filter>skybox\textures</Filter>
    </Image>
    <Image Include="skybox\textures\top.tga">
      <Filter>skybox\textures</Filter>
    </Image>
  </ItemGroup>
  <ItemGroup>
    <None Include="shaders\shader.frag" />
    <None Include="shaders\shader.vert" />
    <None Include="terrain\terrain.frag" />
    <None Include="terrain\terrain.vert" />
    <None Include="skybox\shaders\skybox.frag">
      <Filter>skybox</Filter>
    </None>
    <None Include="skybox\shaders\skybox.vert">
      <Filter>skybox</Filter>
    </None>
  </ItemGroup>
  <ItemGroup>
    <Filter Include="skybox">
      <UniqueIdentifier>{42b6bedf-b804-40cf-a4e4-0b5c0c769b6e}</UniqueIdentifier>
    </Filter>
    <Filter Include="skybox\textures">
      <UniqueIdentifier>{cd95c1f0-b6f0-44e7-ac1b-10f6726cd011}</UniqueIdentifier>
    </Filter>
    <Filter Include="particles">
      <UniqueIdentifier>{a0d98f4b-30a8-4d9d-848f-3968172960e4}</UniqueIdentifier>
    </Filter>
  </ItemGroup>
</Project>